
Microsoft Visual Studio Solution File, Format Version 12.00
# Visual Studio Version 17
VisualStudioVersion = 17.8.34322.80
MinimumVisualStudioVersion = 10.0.40219.1
Project("{FAE04EC0-301F-11D3-BF4B-00C04F79EFBC}") = "QuanLySinhVien", "QuanLySinhVien\QuanLySinhVien.csproj", "{F7E09CB0-766A-4DB8-BB8C-8A3B09B809F9}"
EndProject
Global
	GlobalSection(SolutionConfigurationPlatforms) = preSolution
		Debug|Any CPU = Debug|Any CPU
		Release|Any CPU = Release|Any CPU
	EndGlobalSection
	GlobalSection(ProjectConfigurationPlatforms) = postSolution
		{F7E09CB0-766A-4DB8-BB8C-8A3B09B809F9}.Debug|Any CPU.ActiveCfg = Debug|Any CPU
		{F7E09CB0-766A-4DB8-BB8C-8A3B09B809F9}.Debug|Any CPU.Build.0 = Debug|Any CPU
		{F7E09CB0-766A-4DB8-BB8C-8A3B09B809F9}.Release|Any CPU.ActiveCfg = Release|Any CPU
		{F7E09CB0-766A-4DB8-BB8C-8A3B09B809F9}.Release|Any CPU.Build.0 = Release|Any CPU
	EndGlobalSection
	GlobalSection(SolutionProperties) = preSolution
		HideSolutionNode = FALSE
	EndGlobalSection
	GlobalSection(ExtensibilityGlobals) = postSolution
		SolutionGuid = {3161D3A4-7973-4F40-BAF5-BF4BD92E96A2}
	EndGlobalSection
EndGlobal
